lockfileVersion: '6.0'

dependencies:
  three:
    specifier: ^0.151.3
    version: registry.npmmirror.com/three@0.151.3

devDependencies:
  '@types/three':
    specifier: ^0.150.1
    version: registry.npmmirror.com/@types/three@0.150.1
  typescript:
    specifier: ^4.9.3
    version: registry.npmmirror.com/typescript@4.9.5
  vite:
    specifier: ^4.2.0
    version: registry.npmmirror.com/vite@4.2.1

packages:

  registry.npmmirror.com/@esbuild/android-arm64@0.17.15:
    resolution: {integrity: sha512-0kOB6Y7Br3KDVgHeg8PRcvfLkq+AccreK///B4Z6fNZGr/tNHX0z2VywCc7PTeWp+bPvjA5WMvNXltHw5QjAIA==, registry: http://registry.npm.taobao.org/, tarball: https://registry.npmmirror.com/@esbuild/android-arm64/-/android-arm64-0.17.15.tgz}
    name: '@esbuild/android-arm64'
    version: 0.17.15
    engines: {node: '>=12'}
    cpu: [arm64]
    os: [android]
    requiresBuild: true
    dev: true
    optional: true

  registry.npmmirror.com/@esbuild/android-arm@0.17.15:
    resolution: {integrity: sha512-sRSOVlLawAktpMvDyJIkdLI/c/kdRTOqo8t6ImVxg8yT7LQDUYV5Rp2FKeEosLr6ZCja9UjYAzyRSxGteSJPYg==, registry: http://registry.npm.taobao.org/, tarball: https://registry.npmmirror.com/@esbuild/android-arm/-/android-arm-0.17.15.tgz}
    name: '@esbuild/android-arm'
    version: 0.17.15
    engines: {node: '>=12'}
    cpu: [arm]
    os: [android]
    requiresBuild: true
    dev: true
    optional: true

  registry.npmmirror.com/@esbuild/android-x64@0.17.15:
    resolution: {integrity: sha512-MzDqnNajQZ63YkaUWVl9uuhcWyEyh69HGpMIrf+acR4otMkfLJ4sUCxqwbCyPGicE9dVlrysI3lMcDBjGiBBcQ==, registry: http://registry.npm.taobao.org/, tarball: https://registry.npmmirror.com/@esbuild/android-x64/-/android-x64-0.17.15.tgz}
    name: '@esbuild/android-x64'
    version: 0.17.15
    engines: {node: '>=12'}
    cpu: [x64]
    os: [android]
    requiresBuild: true
    dev: true
    optional: true

  registry.npmmirror.com/@esbuild/darwin-arm64@0.17.15:
    resolution: {integrity: sha512-7siLjBc88Z4+6qkMDxPT2juf2e8SJxmsbNVKFY2ifWCDT72v5YJz9arlvBw5oB4W/e61H1+HDB/jnu8nNg0rLA==, registry: http://registry.npm.taobao.org/, tarball: https://registry.npmmirror.com/@esbuild/darwin-arm64/-/darwin-arm64-0.17.15.tgz}
    name: '@esbuild/darwin-arm64'
    version: 0.17.15
    engines: {node: '>=12'}
    cpu: [arm64]
    os: [darwin]
    requiresBuild: true
    dev: true
    optional: true

  registry.npmmirror.com/@esbuild/darwin-x64@0.17.15:
    resolution: {integrity: sha512-NbImBas2rXwYI52BOKTW342Tm3LTeVlaOQ4QPZ7XuWNKiO226DisFk/RyPk3T0CKZkKMuU69yOvlapJEmax7cg==, registry: http://registry.npm.taobao.org/, tarball: https://registry.npmmirror.com/@esbuild/darwin-x64/-/darwin-x64-0.17.15.tgz}
    name: '@esbuild/darwin-x64'
    version: 0.17.15
    engines: {node: '>=12'}
    cpu: [x64]
    os: [darwin]
    requiresBuild: true
    dev: true
    optional: true

  registry.npmmirror.com/@esbuild/freebsd-arm64@0.17.15:
    resolution: {integrity: sha512-Xk9xMDjBVG6CfgoqlVczHAdJnCs0/oeFOspFap5NkYAmRCT2qTn1vJWA2f419iMtsHSLm+O8B6SLV/HlY5cYKg==, registry: http://registry.npm.taobao.org/, tarball: https://registry.npmmirror.com/@esbuild/freebsd-arm64/-/freebsd-arm64-0.17.15.tgz}
    name: '@esbuild/freebsd-arm64'
    version: 0.17.15
    engines: {node: '>=12'}
    cpu: [arm64]
    os: [freebsd]
    requiresBuild: true
    dev: true
    optional: true

  registry.npmmirror.com/@esbuild/freebsd-x64@0.17.15:
    resolution: {integrity: sha512-3TWAnnEOdclvb2pnfsTWtdwthPfOz7qAfcwDLcfZyGJwm1SRZIMOeB5FODVhnM93mFSPsHB9b/PmxNNbSnd0RQ==, registry: http://registry.npm.taobao.org/, tarball: https://registry.npmmirror.com/@esbuild/freebsd-x64/-/freebsd-x64-0.17.15.tgz}
    name: '@esbuild/freebsd-x64'
    version: 0.17.15
    engines: {node: '>=12'}
    cpu: [x64]
    os: [freebsd]
    requiresBuild: true
    dev: true
    optional: true

  registry.npmmirror.com/@esbuild/linux-arm64@0.17.15:
    resolution: {integrity: sha512-T0MVnYw9KT6b83/SqyznTs/3Jg2ODWrZfNccg11XjDehIved2oQfrX/wVuev9N936BpMRaTR9I1J0tdGgUgpJA==, registry: http://registry.npm.taobao.org/, tarball: https://registry.npmmirror.com/@esbuild/linux-arm64/-/linux-arm64-0.17.15.tgz}
    name: '@esbuild/linux-arm64'
    version: 0.17.15
    engines: {node: '>=12'}
    cpu: [arm64]
    os: [linux]
    requiresBuild: true
    dev: true
    optional: true

  registry.npmmirror.com/@esbuild/linux-arm@0.17.15:
    resolution: {integrity: sha512-MLTgiXWEMAMr8nmS9Gigx43zPRmEfeBfGCwxFQEMgJ5MC53QKajaclW6XDPjwJvhbebv+RzK05TQjvH3/aM4Xw==, registry: http://registry.npm.taobao.org/, tarball: https://registry.npmmirror.com/@esbuild/linux-arm/-/linux-arm-0.17.15.tgz}
    name: '@esbuild/linux-arm'
    version: 0.17.15
    engines: {node: '>=12'}
    cpu: [arm]
    os: [linux]
    requiresBuild: true
    dev: true
    optional: true

  registry.npmmirror.com/@esbuild/linux-ia32@0.17.15:
    resolution: {integrity: sha512-wp02sHs015T23zsQtU4Cj57WiteiuASHlD7rXjKUyAGYzlOKDAjqK6bk5dMi2QEl/KVOcsjwL36kD+WW7vJt8Q==, registry: http://registry.npm.taobao.org/, tarball: https://registry.npmmirror.com/@esbuild/linux-ia32/-/linux-ia32-0.17.15.tgz}
    name: '@esbuild/linux-ia32'
    version: 0.17.15
    engines: {node: '>=12'}
    cpu: [ia32]
    os: [linux]
    requiresBuild: true
    dev: true
    optional: true

  registry.npmmirror.com/@esbuild/linux-loong64@0.17.15:
    resolution: {integrity: sha512-k7FsUJjGGSxwnBmMh8d7IbObWu+sF/qbwc+xKZkBe/lTAF16RqxRCnNHA7QTd3oS2AfGBAnHlXL67shV5bBThQ==, registry: http://registry.npm.taobao.org/, tarball: https://registry.npmmirror.com/@esbuild/linux-loong64/-/linux-loong64-0.17.15.tgz}
    name: '@esbuild/linux-loong64'
    version: 0.17.15
    engines: {node: '>=12'}
    cpu: [loong64]
    os: [linux]
    requiresBuild: true
    dev: true
    optional: true

  registry.npmmirror.com/@esbuild/linux-mips64el@0.17.15:
    resolution: {integrity: sha512-ZLWk6czDdog+Q9kE/Jfbilu24vEe/iW/Sj2d8EVsmiixQ1rM2RKH2n36qfxK4e8tVcaXkvuV3mU5zTZviE+NVQ==, registry: http://registry.npm.taobao.org/, tarball: https://registry.npmmirror.com/@esbuild/linux-mips64el/-/linux-mips64el-0.17.15.tgz}
    name: '@esbuild/linux-mips64el'
    version: 0.17.15
    engines: {node: '>=12'}
    cpu: [mips64el]
    os: [linux]
    requiresBuild: true
    dev: true
    optional: true

  registry.npmmirror.com/@esbuild/linux-ppc64@0.17.15:
    resolution: {integrity: sha512-mY6dPkIRAiFHRsGfOYZC8Q9rmr8vOBZBme0/j15zFUKM99d4ILY4WpOC7i/LqoY+RE7KaMaSfvY8CqjJtuO4xg==, registry: http://registry.npm.taobao.org/, tarball: https://registry.npmmirror.com/@esbuild/linux-ppc64/-/linux-ppc64-0.17.15.tgz}
    name: '@esbuild/linux-ppc64'
    version: 0.17.15
    engines: {node: '>=12'}
    cpu: [ppc64]
    os: [linux]
    requiresBuild: true
    dev: true
    optional: true

  registry.npmmirror.com/@esbuild/linux-riscv64@0.17.15:
    resolution: {integrity: sha512-EcyUtxffdDtWjjwIH8sKzpDRLcVtqANooMNASO59y+xmqqRYBBM7xVLQhqF7nksIbm2yHABptoioS9RAbVMWVA==, registry: http://registry.npm.taobao.org/, tarball: https://registry.npmmirror.com/@esbuild/linux-riscv64/-/linux-riscv64-0.17.15.tgz}
    name: '@esbuild/linux-riscv64'
    version: 0.17.15
    engines: {node: '>=12'}
    cpu: [riscv64]
    os: [linux]
    requiresBuild: true
    dev: true
    optional: true

  registry.npmmirror.com/@esbuild/linux-s390x@0.17.15:
    resolution: {integrity: sha512-BuS6Jx/ezxFuHxgsfvz7T4g4YlVrmCmg7UAwboeyNNg0OzNzKsIZXpr3Sb/ZREDXWgt48RO4UQRDBxJN3B9Rbg==, registry: http://registry.npm.taobao.org/, tarball: https://registry.npmmirror.com/@esbuild/linux-s390x/-/linux-s390x-0.17.15.tgz}
    name: '@esbuild/linux-s390x'
    version: 0.17.15
    engines: {node: '>=12'}
    cpu: [s390x]
    os: [linux]
    requiresBuild: true
    dev: true
    optional: true

  registry.npmmirror.com/@esbuild/linux-x64@0.17.15:
    resolution: {integrity: sha512-JsdS0EgEViwuKsw5tiJQo9UdQdUJYuB+Mf6HxtJSPN35vez1hlrNb1KajvKWF5Sa35j17+rW1ECEO9iNrIXbNg==, registry: http://registry.npm.taobao.org/, tarball: https://registry.npmmirror.com/@esbuild/linux-x64/-/linux-x64-0.17.15.tgz}
    name: '@esbuild/linux-x64'
    version: 0.17.15
    engines: {node: '>=12'}
    cpu: [x64]
    os: [linux]
    requiresBuild: true
    dev: true
    optional: true

  registry.npmmirror.com/@esbuild/netbsd-x64@0.17.15:
    resolution: {integrity: sha512-R6fKjtUysYGym6uXf6qyNephVUQAGtf3n2RCsOST/neIwPqRWcnc3ogcielOd6pT+J0RDR1RGcy0ZY7d3uHVLA==, registry: http://registry.npm.taobao.org/, tarball: https://registry.npmmirror.com/@esbuild/netbsd-x64/-/netbsd-x64-0.17.15.tgz}
    name: '@esbuild/netbsd-x64'
    version: 0.17.15
    engines: {node: '>=12'}
    cpu: [x64]
    os: [netbsd]
    requiresBuild: true
    dev: true
    optional: true

  registry.npmmirror.com/@esbuild/openbsd-x64@0.17.15:
    resolution: {integrity: sha512-mVD4PGc26b8PI60QaPUltYKeSX0wxuy0AltC+WCTFwvKCq2+OgLP4+fFd+hZXzO2xW1HPKcytZBdjqL6FQFa7w==, registry: http://registry.npm.taobao.org/, tarball: https://registry.npmmirror.com/@esbuild/openbsd-x64/-/openbsd-x64-0.17.15.tgz}
    name: '@esbuild/openbsd-x64'
    version: 0.17.15
    engines: {node: '>=12'}
    cpu: [x64]
    os: [openbsd]
    requiresBuild: true
    dev: true
    optional: true

  registry.npmmirror.com/@esbuild/sunos-x64@0.17.15:
    resolution: {integrity: sha512-U6tYPovOkw3459t2CBwGcFYfFRjivcJJc1WC8Q3funIwX8x4fP+R6xL/QuTPNGOblbq/EUDxj9GU+dWKX0oWlQ==, registry: http://registry.npm.taobao.org/, tarball: https://registry.npmmirror.com/@esbuild/sunos-x64/-/sunos-x64-0.17.15.tgz}
    name: '@esbuild/sunos-x64'
    version: 0.17.15
    engines: {node: '>=12'}
    cpu: [x64]
    os: [sunos]
    requiresBuild: true
    dev: true
    optional: true

  registry.npmmirror.com/@esbuild/win32-arm64@0.17.15:
    resolution: {integrity: sha512-W+Z5F++wgKAleDABemiyXVnzXgvRFs+GVKThSI+mGgleLWluv0D7Diz4oQpgdpNzh4i2nNDzQtWbjJiqutRp6Q==, registry: http://registry.npm.taobao.org/, tarball: https://registry.npmmirror.com/@esbuild/win32-arm64/-/win32-arm64-0.17.15.tgz}
    name: '@esbuild/win32-arm64'
    version: 0.17.15
    engines: {node: '>=12'}
    cpu: [arm64]
    os: [win32]
    requiresBuild: true
    dev: true
    optional: true

  registry.npmmirror.com/@esbuild/win32-ia32@0.17.15:
    resolution: {integrity: sha512-Muz/+uGgheShKGqSVS1KsHtCyEzcdOn/W/Xbh6H91Etm+wiIfwZaBn1W58MeGtfI8WA961YMHFYTthBdQs4t+w==, registry: http://registry.npm.taobao.org/, tarball: https://registry.npmmirror.com/@esbuild/win32-ia32/-/win32-ia32-0.17.15.tgz}
    name: '@esbuild/win32-ia32'
    version: 0.17.15
    engines: {node: '>=12'}
    cpu: [ia32]
    os: [win32]
    requiresBuild: true
    dev: true
    optional: true

  registry.npmmirror.com/@esbuild/win32-x64@0.17.15:
    resolution: {integrity: sha512-DjDa9ywLUUmjhV2Y9wUTIF+1XsmuFGvZoCmOWkli1XcNAh5t25cc7fgsCx4Zi/Uurep3TTLyDiKATgGEg61pkA==, registry: http://registry.npm.taobao.org/, tarball: https://registry.npmmirror.com/@esbuild/win32-x64/-/win32-x64-0.17.15.tgz}
    name: '@esbuild/win32-x64'
    version: 0.17.15
    engines: {node: '>=12'}
    cpu: [x64]
    os: [win32]
    requiresBuild: true
    dev: true
    optional: true

  registry.npmmirror.com/@types/stats.js@0.17.0:
    resolution: {integrity: sha512-9w+a7bR8PeB0dCT/HBULU2fMqf6BAzvKbxFboYhmDtDkKPiyXYbjoe2auwsXlEFI7CFNMF1dCv3dFH5Poy9R1w==, registry: http://registry.npm.taobao.org/, tarball: https://registry.npmmirror.com/@types/stats.js/-/stats.js-0.17.0.tgz}
    name: '@types/stats.js'
    version: 0.17.0
    dev: true

  registry.npmmirror.com/@types/three@0.150.1:
    resolution: {integrity: sha512-ZXS1M3brsfAAbTeeUEt0defPi98yWQuEyPBnvjEYY1dCEYfJnFaww0mYgRpJ9JVfmtwRxqISpVcv/g/0lMl1DQ==, registry: http://registry.npm.taobao.org/, tarball: https://registry.npmmirror.com/@types/three/-/three-0.150.1.tgz}
    name: '@types/three'
    version: 0.150.1
    dependencies:
      '@types/stats.js': registry.npmmirror.com/@types/stats.js@0.17.0
      '@types/webxr': registry.npmmirror.com/@types/webxr@0.5.1
      fflate: registry.npmmirror.com/fflate@0.6.10
      lil-gui: registry.npmmirror.com/lil-gui@0.17.0
    dev: true

  registry.npmmirror.com/@types/webxr@0.5.1:
    resolution: {integrity: sha512-xlFXPfgJR5vIuDefhaHuUM9uUgvPaXB6GKdXy2gdEh8gBWQZ2ul24AJz3foUd8NNKlSTQuWYJpCb1/pL81m1KQ==, registry: http://registry.npm.taobao.org/, tarball: https://registry.npmmirror.com/@types/webxr/-/webxr-0.5.1.tgz}
    name: '@types/webxr'
    version: 0.5.1
    dev: true

  registry.npmmirror.com/esbuild@0.17.15:
    resolution: {integrity: sha512-LBUV2VsUIc/iD9ME75qhT4aJj0r75abCVS0jakhFzOtR7TQsqQA5w0tZ+KTKnwl3kXE0MhskNdHDh/I5aCR1Zw==, registry: http://registry.npm.taobao.org/, tarball: https://registry.npmmirror.com/esbuild/-/esbuild-0.17.15.tgz}
    name: esbuild
    version: 0.17.15
    engines: {node: '>=12'}
    hasBin: true
    requiresBuild: true
    optionalDependencies:
      '@esbuild/android-arm': registry.npmmirror.com/@esbuild/android-arm@0.17.15
      '@esbuild/android-arm64': registry.npmmirror.com/@esbuild/android-arm64@0.17.15
      '@esbuild/android-x64': registry.npmmirror.com/@esbuild/android-x64@0.17.15
      '@esbuild/darwin-arm64': registry.npmmirror.com/@esbuild/darwin-arm64@0.17.15
      '@esbuild/darwin-x64': registry.npmmirror.com/@esbuild/darwin-x64@0.17.15
      '@esbuild/freebsd-arm64': registry.npmmirror.com/@esbuild/freebsd-arm64@0.17.15
      '@esbuild/freebsd-x64': registry.npmmirror.com/@esbuild/freebsd-x64@0.17.15
      '@esbuild/linux-arm': registry.npmmirror.com/@esbuild/linux-arm@0.17.15
      '@esbuild/linux-arm64': registry.npmmirror.com/@esbuild/linux-arm64@0.17.15
      '@esbuild/linux-ia32': registry.npmmirror.com/@esbuild/linux-ia32@0.17.15
      '@esbuild/linux-loong64': registry.npmmirror.com/@esbuild/linux-loong64@0.17.15
      '@esbuild/linux-mips64el': registry.npmmirror.com/@esbuild/linux-mips64el@0.17.15
      '@esbuild/linux-ppc64': registry.npmmirror.com/@esbuild/linux-ppc64@0.17.15
      '@esbuild/linux-riscv64': registry.npmmirror.com/@esbuild/linux-riscv64@0.17.15
      '@esbuild/linux-s390x': registry.npmmirror.com/@esbuild/linux-s390x@0.17.15
      '@esbuild/linux-x64': registry.npmmirror.com/@esbuild/linux-x64@0.17.15
      '@esbuild/netbsd-x64': registry.npmmirror.com/@esbuild/netbsd-x64@0.17.15
      '@esbuild/openbsd-x64': registry.npmmirror.com/@esbuild/openbsd-x64@0.17.15
      '@esbuild/sunos-x64': registry.npmmirror.com/@esbuild/sunos-x64@0.17.15
      '@esbuild/win32-arm64': registry.npmmirror.com/@esbuild/win32-arm64@0.17.15
      '@esbuild/win32-ia32': registry.npmmirror.com/@esbuild/win32-ia32@0.17.15
      '@esbuild/win32-x64': registry.npmmirror.com/@esbuild/win32-x64@0.17.15
    dev: true

  registry.npmmirror.com/fflate@0.6.10:
    resolution: {integrity: sha512-IQrh3lEPM93wVCEczc9SaAOvkmcoQn/G8Bo1e8ZPlY3X3bnAxWaBdvTdvM1hP62iZp0BXWDy4vTAy4fF0+Dlpg==, registry: http://registry.npm.taobao.org/, tarball: https://registry.npmmirror.com/fflate/-/fflate-0.6.10.tgz}
    name: fflate
    version: 0.6.10
    dev: true

  registry.npmmirror.com/fsevents@2.3.2:
    resolution: {integrity: sha512-xiqMQR4xAeHTuB9uWm+fFRcIOgKBMiOBP+eXiyT7jsgVCq1bkVygt00oASowB7EdtpOHaaPgKt812P9ab+DDKA==, registry: http://registry.npm.taobao.org/, tarball: https://registry.npmmirror.com/fsevents/-/fsevents-2.3.2.tgz}
    name: fsevents
    version: 2.3.2
    engines: {node: ^8.16.0 || ^10.6.0 || >=11.0.0}
    os: [darwin]
    requiresBuild: true
    dev: true
    optional: true

  registry.npmmirror.com/function-bind@1.1.1:
    resolution: {integrity: sha512-yIovAzMX49sF8Yl58fSCWJ5svSLuaibPxXQJFLmBObTuCr0Mf1KiPopGM9NiFjiYBCbfaa2Fh6breQ6ANVTI0A==, registry: http://registry.npm.taobao.org/, tarball: https://registry.npmmirror.com/function-bind/-/function-bind-1.1.1.tgz}
    name: function-bind
    version: 1.1.1
    dev: true

  registry.npmmirror.com/has@1.0.3:
    resolution: {integrity: sha512-f2dvO0VU6Oej7RkWJGrehjbzMAjFp5/VKPp5tTpWIV4JHHZK1/BxbFRtf/siA2SWTe09caDmVtYYzWEIbBS4zw==, registry: http://registry.npm.taobao.org/, tarball: https://registry.npmmirror.com/has/-/has-1.0.3.tgz}
    name: has
    version: 1.0.3
    engines: {node: '>= 0.4.0'}
    dependencies:
      function-bind: registry.npmmirror.com/function-bind@1.1.1
    dev: true

  registry.npmmirror.com/is-core-module@2.11.0:
    resolution: {integrity: sha512-RRjxlvLDkD1YJwDbroBHMb+cukurkDWNyHx7D3oNB5x9rb5ogcksMC5wHCadcXoo67gVr/+3GFySh3134zi6rw==, registry: http://registry.npm.taobao.org/, tarball: https://registry.npmmirror.com/is-core-module/-/is-core-module-2.11.0.tgz}
    name: is-core-module
    version: 2.11.0
    dependencies:
      has: registry.npmmirror.com/has@1.0.3
    dev: true

  registry.npmmirror.com/lil-gui@0.17.0:
    resolution: {integrity: sha512-MVBHmgY+uEbmJNApAaPbtvNh1RCAeMnKym82SBjtp5rODTYKWtM+MXHCifLe2H2Ti1HuBGBtK/5SyG4ShQ3pUQ==, registry: http://registry.npm.taobao.org/, tarball: https://registry.npmmirror.com/lil-gui/-/lil-gui-0.17.0.tgz}
    name: lil-gui
    version: 0.17.0
    dev: true

  registry.npmmirror.com/nanoid@3.3.6:
    resolution: {integrity: sha512-BGcqMMJuToF7i1rt+2PWSNVnWIkGCU78jBG3RxO/bZlnZPK2Cmi2QaffxGO/2RvWi9sL+FAiRiXMgsyxQ1DIDA==, registry: http://registry.npm.taobao.org/, tarball: https://registry.npmmirror.com/nanoid/-/nanoid-3.3.6.tgz}
    name: nanoid
    version: 3.3.6
    engines: {node: ^10 || ^12 || ^13.7 || ^14 || >=15.0.1}
    hasBin: true
    dev: true

  registry.npmmirror.com/path-parse@1.0.7:
    resolution: {integrity: sha512-LDJzPVEEEPR+y48z93A0Ed0yXb8pAByGWo/k5YYdYgpY2/2EsOsksJrq7lOHxryrVOn1ejG6oAp8ahvOIQD8sw==, registry: http://registry.npm.taobao.org/, tarball: https://registry.npmmirror.com/path-parse/-/path-parse-1.0.7.tgz}
    name: path-parse
    version: 1.0.7
    dev: true

  registry.npmmirror.com/picocolors@1.0.0:
    resolution: {integrity: sha512-1fygroTLlHu66zi26VoTDv8yRgm0Fccecssto+MhsZ0D/DGW2sm8E8AjW7NU5VVTRt5GxbeZ5qBuJr+HyLYkjQ==, registry: http://registry.npm.taobao.org/, tarball: https://registry.npmmirror.com/picocolors/-/picocolors-1.0.0.tgz}
    name: picocolors
    version: 1.0.0
    dev: true

  registry.npmmirror.com/postcss@8.4.21:
    resolution: {integrity: sha512-tP7u/Sn/dVxK2NnruI4H9BG+x+Wxz6oeZ1cJ8P6G/PZY0IKk4k/63TDsQf2kQq3+qoJeLm2kIBUNlZe3zgb4Zg==, registry: http://registry.npm.taobao.org/, tarball: https://registry.npmmirror.com/postcss/-/postcss-8.4.21.tgz}
    name: postcss
    version: 8.4.21
    engines: {node: ^10 || ^12 || >=14}
    dependencies:
      nanoid: registry.npmmirror.com/nanoid@3.3.6
      picocolors: registry.npmmirror.com/picocolors@1.0.0
      source-map-js: registry.npmmirror.com/source-map-js@1.0.2
    dev: true

  registry.npmmirror.com/resolve@1.22.1:
    resolution: {integrity: sha512-nBpuuYuY5jFsli/JIs1oldw6fOQCBioohqWZg/2hiaOybXOft4lonv85uDOKXdf8rhyK159cxU5cDcK/NKk8zw==, registry: http://registry.npm.taobao.org/, tarball: https://registry.npmmirror.com/resolve/-/resolve-1.22.1.tgz}
    name: resolve
    version: 1.22.1
    hasBin: true
    dependencies:
      is-core-module: registry.npmmirror.com/is-core-module@2.11.0
      path-parse: registry.npmmirror.com/path-parse@1.0.7
      supports-preserve-symlinks-flag: registry.npmmirror.com/supports-preserve-symlinks-flag@1.0.0
    dev: true

  registry.npmmirror.com/rollup@3.20.2:
    resolution: {integrity: sha512-3zwkBQl7Ai7MFYQE0y1MeQ15+9jsi7XxfrqwTb/9EK8D9C9+//EBR4M+CuA1KODRaNbFez/lWxA5vhEGZp4MUg==, registry: http://registry.npm.taobao.org/, tarball: https://registry.npmmirror.com/rollup/-/rollup-3.20.2.tgz}
    name: rollup
    version: 3.20.2
    engines: {node: '>=14.18.0', npm: '>=8.0.0'}
    hasBin: true
    optionalDependencies:
      fsevents: registry.npmmirror.com/fsevents@2.3.2
    dev: true

  registry.npmmirror.com/source-map-js@1.0.2:
    resolution: {integrity: sha512-R0XvVJ9WusLiqTCEiGCmICCMplcCkIwwR11mOSD9CR5u+IXYdiseeEuXCVAjS54zqwkLcPNnmU4OeJ6tUrWhDw==, registry: http://registry.npm.taobao.org/, tarball: https://registry.npmmirror.com/source-map-js/-/source-map-js-1.0.2.tgz}
    name: source-map-js
    version: 1.0.2
    engines: {node: '>=0.10.0'}
    dev: true

  registry.npmmirror.com/supports-preserve-symlinks-flag@1.0.0:
    resolution: {integrity: sha512-ot0WnXS9fgdkgIcePe6RHNk1WA8+muPa6cSjeR3V8K27q9BB1rTE3R1p7Hv0z1ZyAc8s6Vvv8DIyWf681MAt0w==, registry: http://registry.npm.taobao.org/, tarball: https://registry.npmmirror.com/supports-preserve-symlinks-flag/-/supports-preserve-symlinks-flag-1.0.0.tgz}
    name: supports-preserve-symlinks-flag
    version: 1.0.0
    engines: {node: '>= 0.4'}
    dev: true

  registry.npmmirror.com/three@0.151.3:
    resolution: {integrity: sha512-+vbuqxFy8kzLeO5MgpBHUvP/EAiecaDwDuOPPDe6SbrZr96kccF0ktLngXc7xA7bzyd3N0t2f6mw3Z9y6JCojQ==, registry: http://registry.npm.taobao.org/, tarball: https://registry.npmmirror.com/three/-/three-0.151.3.tgz}
    name: three
    version: 0.151.3
    dev: false

  registry.npmmirror.com/typescript@4.9.5:
    resolution: {integrity: sha512-1FXk9E2Hm+QzZQ7z+McJiHL4NW1F2EzMu9Nq9i3zAaGqibafqYwCVU6WyWAuyQRRzOlxou8xZSyXLEN8oKj24g==, registry: http://registry.npm.taobao.org/, tarball: https://registry.npmmirror.com/typescript/-/typescript-4.9.5.tgz}
    name: typescript
    version: 4.9.5
    engines: {node: '>=4.2.0'}
    hasBin: true
    dev: true

  registry.npmmirror.com/vite@4.2.1:
    resolution: {integrity: sha512-7MKhqdy0ISo4wnvwtqZkjke6XN4taqQ2TBaTccLIpOKv7Vp2h4Y+NpmWCnGDeSvvn45KxvWgGyb0MkHvY1vgbg==, registry: http://registry.npm.taobao.org/, tarball: https://registry.npmmirror.com/vite/-/vite-4.2.1.tgz}
    name: vite
    version: 4.2.1
    engines: {node: ^14.18.0 || >=16.0.0}
    hasBin: true
    peerDependencies:
      '@types/node': '>= 14'
      less: '*'
      sass: '*'
      stylus: '*'
      sugarss: '*'
      terser: ^5.4.0
    peerDependenciesMeta:
      '@types/node':
        optional: true
      less:
        optional: true
      sass:
        optional: true
      stylus:
        optional: true
      sugarss:
        optional: true
      terser:
        optional: true
    dependencies:
      esbuild: registry.npmmirror.com/esbuild@0.17.15
      postcss: registry.npmmirror.com/postcss@8.4.21
      resolve: registry.npmmirror.com/resolve@1.22.1
      rollup: registry.npmmirror.com/rollup@3.20.2
    optionalDependencies:
      fsevents: registry.npmmirror.com/fsevents@2.3.2
    dev: true
